{
  "name": "dashboard",
  "lockfileVersion": 2,
  "requires": true,
  "packages": {
    "": {
      "dependencies": {
        "npm-prepare-dist": "^0.4.1"
      }
    },
    "node_modules/minimist": {
      "version": "1.2.7",
      "resolved": "https://registry.npmjs.org/minimist/-/minimist-1.2.7.tgz",
      "integrity": "sha512-bzfL1YUZsP41gmu/qjrEk0Q6i2ix/cVeAhbCbqH9u3zYutS1cLg00qhrD0M2MVdCcx4Sc0UpP2eBWo9rotpq6g==",
      "funding": {
        "url": "https://github.com/sponsors/ljharb"
      }
    },
    "node_modules/npm-prepare-dist": {
      "version": "0.4.1",
      "resolved": "https://registry.npmjs.org/npm-prepare-dist/-/npm-prepare-dist-0.4.1.tgz",
      "integrity": "sha512-nW/5p2o5VsLTsnt+rtC0pL9Rm8KWTn5wlNE2dy50eD2XO1vX/DAn1XGQvSuCth8Iy027kA7IqI0G2kzprvsRrg==",
      "dependencies": {
        "minimist": "^1.2.6"
      },
      "bin": {
        "npm-prepare-dist": "index.js"
      },
      "engines": {
        "node": ">= 10"
      }
    }
  },
  "dependencies": {
    "minimist": {
      "version": "1.2.7",
      "resolved": "https://registry.npmjs.org/minimist/-/minimist-1.2.7.tgz",
      "integrity": "sha512-bzfL1YUZsP41gmu/qjrEk0Q6i2ix/cVeAhbCbqH9u3zYutS1cLg00qhrD0M2MVdCcx4Sc0UpP2eBWo9rotpq6g=="
    },
    "npm-prepare-dist": {
      "version": "0.4.1",
      "resolved": "https://registry.npmjs.org/npm-prepare-dist/-/npm-prepare-dist-0.4.1.tgz",
      "integrity": "sha512-nW/5p2o5VsLTsnt+rtC0pL9Rm8KWTn5wlNE2dy50eD2XO1vX/DAn1XGQvSuCth8Iy027kA7IqI0G2kzprvsRrg==",
      "requires": {
        "minimist": "^1.2.6"
      }
    }
  }
}
